// !$*UTF8*$!
{
	archiveVersion = 1;
	classes = {
	};
	objectVersion = 77;
	objects = {

/* Begin PBXBuildFile section */
		31AFF1DC2DAAFE8100E600D7 /* SpotifyAPI in Frameworks */ = {isa = PBXBuildFile; productRef = 31AFF1DB2DAAFE8100E600D7 /* SpotifyAPI */; };
		31AFF1E62DAB05E400E600D7 /* NIO in Frameworks */ = {isa = PBXBuildFile; productRef = 31AFF1E52DAB05E400E600D7 /* NIO */; };
		31AFF1E82DAB05E400E600D7 /* NIOHTTP1 in Frameworks */ = {isa = PBXBuildFile; productRef = 31AFF1E72DAB05E400E600D7 /* NIOHTTP1 */; };
		31AFF1EB2DAB07D400E600D7 /* Swifter in Frameworks */ = {isa = PBXBuildFile; productRef = 31AFF1EA2DAB07D400E600D7 /* Swifter */; };
		31AFF1EE2DAB0BE500E600D7 /* OpenAI in Frameworks */ = {isa = PBXBuildFile; productRef = 31AFF1ED2DAB0BE500E600D7 /* OpenAI */; };
		31AFF1FC2DAD139100E600D7 /* DotEnv in Frameworks */ = {isa = PBXBuildFile; productRef = 31AFF1FB2DAD139100E600D7 /* DotEnv */; };
		31DD08462DB7B2D50026B186 /* MarkdownUI in Frameworks */ = {isa = PBXBuildFile; productRef = 31DD08452DB7B2D50026B186 /* MarkdownUI */; };
		31DD08492DB7B8180026B186 /* SQLite in Frameworks */ = {isa = PBXBuildFile; productRef = 31DD08482DB7B8180026B186 /* SQLite */; };
/* End PBXBuildFile section */

/* Begin PBXContainerItemProxy section */
		31AFF1BE2DAAFB6900E600D7 /* PBXContainerItemProxy */ = {
			isa = PBXContainerItemProxy;
			containerPortal = 31AFF1A72DAAFB6800E600D7 /* Project object */;
			proxyType = 1;
			remoteGlobalIDString = 31AFF1AE2DAAFB6800E600D7;
			remoteInfo = SpotyStoryTeller;
		};
		31AFF1C82DAAFB6900E600D7 /* PBXContainerItemProxy */ = {
			isa = PBXContainerItemProxy;
			containerPortal = 31AFF1A72DAAFB6800E600D7 /* Project object */;
			proxyType = 1;
			remoteGlobalIDString = 31AFF1AE2DAAFB6800E600D7;
			remoteInfo = SpotyStoryTeller;
		};
/* End PBXContainerItemProxy section */

/* Begin PBXFileReference section */
		31AFF1AF2DAAFB6800E600D7 /* SpotyStoryTeller.app */ = {isa = PBXFileReference; explicitFileType = wrapper.application; includeInIndex = 0; path = SpotyStoryTeller.app; sourceTree = BUILT_PRODUCTS_DIR; };
		31AFF1BD2DAAFB6900E600D7 /* SpotyStoryTellerTests.xctest */ = {isa = PBXFileReference; explicitFileType = wrapper.cfbundle; includeInIndex = 0; path = SpotyStoryTellerTests.xctest; sourceTree = BUILT_PRODUCTS_DIR; };
		31AFF1C72DAAFB6900E600D7 /* SpotyStoryTellerUITests.xctest */ = {isa = PBXFileReference; explicitFileType = wrapper.cfbundle; includeInIndex = 0; path = SpotyStoryTellerUITests.xctest; sourceTree = BUILT_PRODUCTS_DIR; };
/* End PBXFileReference section */

/* Begin PBXFileSystemSynchronizedBuildFileExceptionSet section */
		31AFF1E12DAAFF7C00E600D7 /* Exceptions for "SpotyStoryTeller" folder in "SpotyStoryTeller" target */ = {
			isa = PBXFileSystemSynchronizedBuildFileExceptionSet;
			membershipExceptions = (
				Info.plist,
			);
			target = 31AFF1AE2DAAFB6800E600D7 /* SpotyStoryTeller */;
		};
/* End PBXFileSystemSynchronizedBuildFileExceptionSet section */

/* Begin PBXFileSystemSynchronizedRootGroup section */
		31AFF1B12DAAFB6800E600D7 /* SpotyStoryTeller */ = {
			isa = PBXFileSystemSynchronizedRootGroup;
			exceptions = (
				31AFF1E12DAAFF7C00E600D7 /* Exceptions for "SpotyStoryTeller" folder in "SpotyStoryTeller" target */,
			);
			path = SpotyStoryTeller;
			sourceTree = "<group>";
		};
		31AFF1C02DAAFB6900E600D7 /* SpotyStoryTellerTests */ = {
			isa = PBXFileSystemSynchronizedRootGroup;
			path = SpotyStoryTellerTests;
			sourceTree = "<group>";
		};
		31AFF1CA2DAAFB6900E600D7 /* SpotyStoryTellerUITests */ = {
			isa = PBXFileSystemSynchronizedRootGroup;
			path = SpotyStoryTellerUITests;
			sourceTree = "<group>";
		};
/* End PBXFileSystemSynchronizedRootGroup section */

/* Begin PBXFrameworksBuildPhase section */
		31AFF1AC2DAAFB6800E600D7 /* Frameworks */ = {
			isa = PBXFrameworksBuildPhase;
			buildActionMask = 2147483647;
			files = (
				31DD08492DB7B8180026B186 /* SQLite in Frameworks */,
				31AFF1EE2DAB0BE500E600D7 /* OpenAI in Frameworks */,
				31DD08462DB7B2D50026B186 /* MarkdownUI in Frameworks */,
				31AFF1E82DAB05E400E600D7 /* NIOHTTP1 in Frameworks */,
				31AFF1FC2DAD139100E600D7 /* DotEnv in Frameworks */,
				31AFF1DC2DAAFE8100E600D7 /* SpotifyAPI in Frameworks */,
				31AFF1E62DAB05E400E600D7 /* NIO in Frameworks */,
				31AFF1EB2DAB07D400E600D7 /* Swifter in Frameworks */,
			);
			runOnlyForDeploymentPostprocessing = 0;
		};
		31AFF1BA2DAAFB6900E600D7 /* Frameworks */ = {
			isa = PBXFrameworksBuildPhase;
			buildActionMask = 2147483647;
			files = (
			);
			runOnlyForDeploymentPostprocessing = 0;
		};
		31AFF1C42DAAFB6900E600D7 /* Frameworks */ = {
			isa = PBXFrameworksBuildPhase;
			buildActionMask = 2147483647;
			files = (
			);
			runOnlyForDeploymentPostprocessing = 0;
		};
/* End PBXFrameworksBuildPhase section */

/* Begin PBXGroup section */
		31AFF1A62DAAFB6800E600D7 = {
			isa = PBXGroup;
			children = (
				31AFF1B12DAAFB6800E600D7 /* SpotyStoryTeller */,
				31AFF1C02DAAFB6900E600D7 /* SpotyStoryTellerTests */,
				31AFF1CA2DAAFB6900E600D7 /* SpotyStoryTellerUITests */,
				31AFF1B02DAAFB6800E600D7 /* Products */,
			);
			sourceTree = "<group>";
		};
		31AFF1B02DAAFB6800E600D7 /* Products */ = {
			isa = PBXGroup;
			children = (
				31AFF1AF2DAAFB6800E600D7 /* SpotyStoryTeller.app */,
				31AFF1BD2DAAFB6900E600D7 /* SpotyStoryTellerTests.xctest */,
				31AFF1C72DAAFB6900E600D7 /* SpotyStoryTellerUITests.xctest */,
			);
			name = Products;
			sourceTree = "<group>";
		};
/* End PBXGroup section */

/* Begin PBXNativeTarget section */
		31AFF1AE2DAAFB6800E600D7 /* SpotyStoryTeller */ = {
			isa = PBXNativeTarget;
			buildConfigurationList = 31AFF1D12DAAFB6900E600D7 /* Build configuration list for PBXNativeTarget "SpotyStoryTeller" */;
			buildPhases = (
				31AFF1AB2DAAFB6800E600D7 /* Sources */,
				31AFF1AC2DAAFB6800E600D7 /* Frameworks */,
				31AFF1AD2DAAFB6800E600D7 /* Resources */,
			);
			buildRules = (
			);
			dependencies = (
			);
			fileSystemSynchronizedGroups = (
				31AFF1B12DAAFB6800E600D7 /* SpotyStoryTeller */,
			);
			name = SpotyStoryTeller;
			packageProductDependencies = (
				31AFF1DB2DAAFE8100E600D7 /* SpotifyAPI */,
				31AFF1E52DAB05E400E600D7 /* NIO */,
				31AFF1E72DAB05E400E600D7 /* NIOHTTP1 */,
				31AFF1EA2DAB07D400E600D7 /* Swifter */,
				31AFF1ED2DAB0BE500E600D7 /* OpenAI */,
				31AFF1FB2DAD139100E600D7 /* DotEnv */,
				31DD08452DB7B2D50026B186 /* MarkdownUI */,
				31DD08482DB7B8180026B186 /* SQLite */,
			);
			productName = SpotyStoryTeller;
			productReference = 31AFF1AF2DAAFB6800E600D7 /* SpotyStoryTeller.app */;
			productType = "com.apple.product-type.application";
		};
		31AFF1BC2DAAFB6900E600D7 /* SpotyStoryTellerTests */ = {
			isa = PBXNativeTarget;
			buildConfigurationList = 31AFF1D42DAAFB6900E600D7 /* Build configuration list for PBXNativeTarget "SpotyStoryTellerTests" */;
			buildPhases = (
				31AFF1B92DAAFB6900E600D7 /* Sources */,
				31AFF1BA2DAAFB6900E600D7 /* Frameworks */,
				31AFF1BB2DAAFB6900E600D7 /* Resources */,
			);
			buildRules = (
			);
			dependencies = (
				31AFF1BF2DAAFB6900E600D7 /* PBXTargetDependency */,
			);
			fileSystemSynchronizedGroups = (
				31AFF1C02DAAFB6900E600D7 /* SpotyStoryTellerTests */,
			);
			name = SpotyStoryTellerTests;
			packageProductDependencies = (
			);
			productName = SpotyStoryTellerTests;
			productReference = 31AFF1BD2DAAFB6900E600D7 /* SpotyStoryTellerTests.xctest */;
			productType = "com.apple.product-type.bundle.unit-test";
		};
		31AFF1C62DAAFB6900E600D7 /* SpotyStoryTellerUITests */ = {
			isa = PBXNativeTarget;
			buildConfigurationList = 31AFF1D72DAAFB6900E600D7 /* Build configuration list for PBXNativeTarget "SpotyStoryTellerUITests" */;
			buildPhases = (
				31AFF1C32DAAFB6900E600D7 /* Sources */,
				31AFF1C42DAAFB6900E600D7 /* Frameworks */,
				31AFF1C52DAAFB6900E600D7 /* Resources */,
			);
			buildRules = (
			);
			dependencies = (
				31AFF1C92DAAFB6900E600D7 /* PBXTargetDependency */,
			);
			fileSystemSynchronizedGroups = (
				31AFF1CA2DAAFB6900E600D7 /* SpotyStoryTellerUITests */,
			);
			name = SpotyStoryTellerUITests;
			packageProductDependencies = (
			);
			productName = SpotyStoryTellerUITests;
			productReference = 31AFF1C72DAAFB6900E600D7 /* SpotyStoryTellerUITests.xctest */;
			productType = "com.apple.product-type.bundle.ui-testing";
		};
/* End PBXNativeTarget section */

/* Begin PBXProject section */
		31AFF1A72DAAFB6800E600D7 /* Project object */ = {
			isa = PBXProject;
			attributes = {
				BuildIndependentTargetsInParallel = 1;
				LastSwiftUpdateCheck = 1630;
				LastUpgradeCheck = 1630;
				TargetAttributes = {
					31AFF1AE2DAAFB6800E600D7 = {
						CreatedOnToolsVersion = 16.3;
					};
					31AFF1BC2DAAFB6900E600D7 = {
						CreatedOnToolsVersion = 16.3;
						TestTargetID = 31AFF1AE2DAAFB6800E600D7;
					};
					31AFF1C62DAAFB6900E600D7 = {
						CreatedOnToolsVersion = 16.3;
						TestTargetID = 31AFF1AE2DAAFB6800E600D7;
					};
				};
			};
			buildConfigurationList = 31AFF1AA2DAAFB6800E600D7 /* Build configuration list for PBXProject "SpotyStoryTeller" */;
			developmentRegion = en;
			hasScannedForEncodings = 0;
			knownRegions = (
				en,
				Base,
			);
			mainGroup = 31AFF1A62DAAFB6800E600D7;
			minimizedProjectReferenceProxies = 1;
			packageReferences = (
				31AFF1DA2DAAFE8100E600D7 /* XCRemoteSwiftPackageReference "SpotifyAPI" */,
				31AFF1E42DAB05E400E600D7 /* XCRemoteSwiftPackageReference "swift-nio" */,
				31AFF1E92DAB07D400E600D7 /* XCRemoteSwiftPackageReference "swifter" */,
				31AFF1EC2DAB0BE500E600D7 /* XCRemoteSwiftPackageReference "OpenAI" */,
				31AFF1F82DAD102000E600D7 /* XCRemoteSwiftPackageReference "DotEnv" */,
				31DD08442DB7B2D50026B186 /* XCRemoteSwiftPackageReference "MarkdownUI" */,
				31DD08472DB7B8180026B186 /* XCRemoteSwiftPackageReference "SQLite" */,
			);
			preferredProjectObjectVersion = 77;
			productRefGroup = 31AFF1B02DAAFB6800E600D7 /* Products */;
			projectDirPath = "";
			projectRoot = "";
			targets = (
				31AFF1AE2DAAFB6800E600D7 /* SpotyStoryTeller */,
				31AFF1BC2DAAFB6900E600D7 /* SpotyStoryTellerTests */,
				31AFF1C62DAAFB6900E600D7 /* SpotyStoryTellerUITests */,
			);
		};
/* End PBXProject section */

/* Begin PBXResourcesBuildPhase section */
		31AFF1AD2DAAFB6800E600D7 /* Resources */ = {
			isa = PBXResourcesBuildPhase;
			buildActionMask = 2147483647;
			files = (
			);
			runOnlyForDeploymentPostprocessing = 0;
		};
		31AFF1BB2DAAFB6900E600D7 /* Resources */ = {
			isa = PBXResourcesBuildPhase;
			buildActionMask = 2147483647;
			files = (
			);
			runOnlyForDeploymentPostprocessing = 0;
		};
		31AFF1C52DAAFB6900E600D7 /* Resources */ = {
			isa = PBXResourcesBuildPhase;
			buildActionMask = 2147483647;
			files = (
			);
			runOnlyForDeploymentPostprocessing = 0;
		};
/* End PBXResourcesBuildPhase section */

/* Begin PBXSourcesBuildPhase section */
		31AFF1AB2DAAFB6800E600D7 /* Sources */ = {
			isa = PBXSourcesBuildPhase;
			buildActionMask = 2147483647;
			files = (
			);
			runOnlyForDeploymentPostprocessing = 0;
		};
		31AFF1B92DAAFB6900E600D7 /* Sources */ = {
			isa = PBXSourcesBuildPhase;
			buildActionMask = 2147483647;
			files = (
			);
			runOnlyForDeploymentPostprocessing = 0;
		};
		31AFF1C32DAAFB6900E600D7 /* Sources */ = {
			isa = PBXSourcesBuildPhase;
			buildActionMask = 2147483647;
			files = (
			);
			runOnlyForDeploymentPostprocessing = 0;
		};
/* End PBXSourcesBuildPhase section */

/* Begin PBXTargetDependency section */
		31AFF1BF2DAAFB6900E600D7 /* PBXTargetDependency */ = {
			isa = PBXTargetDependency;
			target = 31AFF1AE2DAAFB6800E600D7 /* SpotyStoryTeller */;
			targetProxy = 31AFF1BE2DAAFB6900E600D7 /* PBXContainerItemProxy */;
		};
		31AFF1C92DAAFB6900E600D7 /* PBXTargetDependency */ = {
			isa = PBXTargetDependency;
			target = 31AFF1AE2DAAFB6800E600D7 /* SpotyStoryTeller */;
			targetProxy = 31AFF1C82DAAFB6900E600D7 /* PBXContainerItemProxy */;
		};
/* End PBXTargetDependency section */

/* Begin XCBuildConfiguration section */
		31AFF1CF2DAAFB6900E600D7 /* Debug */ = {
			isa = XCBuildConfiguration;
			buildSettings = {
				ALWAYS_SEARCH_USER_PATHS = NO;
				ASSETCATALOG_COMPILER_GENERATE_SWIFT_ASSET_SYMBOL_EXTENSIONS = YES;
				CLANG_ANALYZER_NONNULL = YES;
				CLANG_ANALYZER_NUMBER_OBJECT_CONVERSION = YES_AGGRESSIVE;
				CLANG_CXX_LANGUAGE_STANDARD = "gnu++20";
				CLANG_ENABLE_MODULES = YES;
				CLANG_ENABLE_OBJC_ARC = YES;
				CLANG_ENABLE_OBJC_WEAK = YES;
				CLANG_WARN_BLOCK_CAPTURE_AUTORELEASING = YES;
				CLANG_WARN_BOOL_CONVERSION = YES;
				CLANG_WARN_COMMA = YES;
				CLANG_WARN_CONSTANT_CONVERSION = YES;
				CLANG_WARN_DEPRECATED_OBJC_IMPLEMENTATIONS = YES;
				CLANG_WARN_DIRECT_OBJC_ISA_USAGE = YES_ERROR;
				CLANG_WARN_DOCUMENTATION_COMMENTS = YES;
				CLANG_WARN_EMPTY_BODY = YES;
				CLANG_WARN_ENUM_CONVERSION = YES;
				CLANG_WARN_INFINITE_RECURSION = YES;
				CLANG_WARN_INT_CONVERSION = YES;
				CLANG_WARN_NON_LITERAL_NULL_CONVERSION = YES;
				CLANG_WARN_OBJC_IMPLICIT_RETAIN_SELF = YES;
				CLANG_WARN_OBJC_LITERAL_CONVERSION = YES;
				CLANG_WARN_OBJC_ROOT_CLASS = YES_ERROR;
				CLANG_WARN_QUOTED_INCLUDE_IN_FRAMEWORK_HEADER = YES;
				CLANG_WARN_RANGE_LOOP_ANALYSIS = YES;
				CLANG_WARN_STRICT_PROTOTYPES = YES;
				CLANG_WARN_SUSPICIOUS_MOVE = YES;
				CLANG_WARN_UNGUARDED_AVAILABILITY = YES_AGGRESSIVE;
				CLANG_WARN_UNREACHABLE_CODE = YES;
				CLANG_WARN__DUPLICATE_METHOD_MATCH = YES;
				COPY_PHASE_STRIP = NO;
				DEBUG_INFORMATION_FORMAT = dwarf;
				ENABLE_STRICT_OBJC_MSGSEND = YES;
				ENABLE_TESTABILITY = YES;
				ENABLE_USER_SCRIPT_SANDBOXING = YES;
				GCC_C_LANGUAGE_STANDARD = gnu17;
				GCC_DYNAMIC_NO_PIC = NO;
				GCC_NO_COMMON_BLOCKS = YES;
				GCC_OPTIMIZATION_LEVEL = 0;
				GCC_PREPROCESSOR_DEFINITIONS = (
					"DEBUG=1",
					"$(inherited)",
				);
				GCC_WARN_64_TO_32_BIT_CONVERSION = YES;
				GCC_WARN_ABOUT_RETURN_TYPE = YES_ERROR;
				GCC_WARN_UNDECLARED_SELECTOR = YES;
				GCC_WARN_UNINITIALIZED_AUTOS = YES_AGGRESSIVE;
				GCC_WARN_UNUSED_FUNCTION = YES;
				GCC_WARN_UNUSED_VARIABLE = YES;
				LOCALIZATION_PREFERS_STRING_CATALOGS = YES;
				MACOSX_DEPLOYMENT_TARGET = 15.4;
				MTL_ENABLE_DEBUG_INFO = INCLUDE_SOURCE;
				MTL_FAST_MATH = YES;
				ONLY_ACTIVE_ARCH = YES;
				SDKROOT = macosx;
				SWIFT_ACTIVE_COMPILATION_CONDITIONS = "DEBUG $(inherited)";
				SWIFT_OPTIMIZATION_LEVEL = "-Onone";
			};
			name = Debug;
		};
		31AFF1D02DAAFB6900E600D7 /* Release */ = {
			isa = XCBuildConfiguration;
			buildSettings = {
				ALWAYS_SEARCH_USER_PATHS = NO;
				ASSETCATALOG_COMPILER_GENERATE_SWIFT_ASSET_SYMBOL_EXTENSIONS = YES;
				CLANG_ANALYZER_NONNULL = YES;
				CLANG_ANALYZER_NUMBER_OBJECT_CONVERSION = YES_AGGRESSIVE;
				CLANG_CXX_LANGUAGE_STANDARD = "gnu++20";
				CLANG_ENABLE_MODULES = YES;
				CLANG_ENABLE_OBJC_ARC = YES;
				CLANG_ENABLE_OBJC_WEAK = YES;
				CLANG_WARN_BLOCK_CAPTURE_AUTORELEASING = YES;
				CLANG_WARN_BOOL_CONVERSION = YES;
				CLANG_WARN_COMMA = YES;
				CLANG_WARN_CONSTANT_CONVERSION = YES;
				CLANG_WARN_DEPRECATED_OBJC_IMPLEMENTATIONS = YES;
				CLANG_WARN_DIRECT_OBJC_ISA_USAGE = YES_ERROR;
				CLANG_WARN_DOCUMENTATION_COMMENTS = YES;
				CLANG_WARN_EMPTY_BODY = YES;
				CLANG_WARN_ENUM_CONVERSION = YES;
				CLANG_WARN_INFINITE_RECURSION = YES;
				CLANG_WARN_INT_CONVERSION = YES;
				CLANG_WARN_NON_LITERAL_NULL_CONVERSION = YES;
				CLANG_WARN_OBJC_IMPLICIT_RETAIN_SELF = YES;
				CLANG_WARN_OBJC_LITERAL_CONVERSION = YES;
				CLANG_WARN_OBJC_ROOT_CLASS = YES_ERROR;
				CLANG_WARN_QUOTED_INCLUDE_IN_FRAMEWORK_HEADER = YES;
				CLANG_WARN_RANGE_LOOP_ANALYSIS = YES;
				CLANG_WARN_STRICT_PROTOTYPES = YES;
				CLANG_WARN_SUSPICIOUS_MOVE = YES;
				CLANG_WARN_UNGUARDED_AVAILABILITY = YES_AGGRESSIVE;
				CLANG_WARN_UNREACHABLE_CODE = YES;
				CLANG_WARN__DUPLICATE_METHOD_MATCH = YES;
				COPY_PHASE_STRIP = NO;
				DEBUG_INFORMATION_FORMAT = "dwarf-with-dsym";
				ENABLE_NS_ASSERTIONS = NO;
				ENABLE_STRICT_OBJC_MSGSEND = YES;
				ENABLE_USER_SCRIPT_SANDBOXING = YES;
				GCC_C_LANGUAGE_STANDARD = gnu17;
				GCC_NO_COMMON_BLOCKS = YES;
				GCC_WARN_64_TO_32_BIT_CONVERSION = YES;
				GCC_WARN_ABOUT_RETURN_TYPE = YES_ERROR;
				GCC_WARN_UNDECLARED_SELECTOR = YES;
				GCC_WARN_UNINITIALIZED_AUTOS = YES_AGGRESSIVE;
				GCC_WARN_UNUSED_FUNCTION = YES;
				GCC_WARN_UNUSED_VARIABLE = YES;
				LOCALIZATION_PREFERS_STRING_CATALOGS = YES;
				MACOSX_DEPLOYMENT_TARGET = 15.4;
				MTL_ENABLE_DEBUG_INFO = NO;
				MTL_FAST_MATH = YES;
				SDKROOT = macosx;
				SWIFT_COMPILATION_MODE = wholemodule;
			};
			name = Release;
		};
		31AFF1D22DAAFB6900E600D7 /* Debug */ = {
			isa = XCBuildConfiguration;
			buildSettings = {
				ASSETCATALOG_COMPILER_APPICON_NAME = AppIcon;
				ASSETCATALOG_COMPILER_GLOBAL_ACCENT_COLOR_NAME = AccentColor;
				CODE_SIGN_ENTITLEMENTS = SpotyStoryTeller/SpotyStoryTeller.entitlements;
				CODE_SIGN_STYLE = Automatic;
				COMBINE_HIDPI_IMAGES = YES;
				CURRENT_PROJECT_VERSION = 1;
				ENABLE_PREVIEWS = YES;
				GENERATE_INFOPLIST_FILE = YES;
				INFOPLIST_FILE = SpotyStoryTeller/Info.plist;
				INFOPLIST_KEY_NSHumanReadableCopyright = "";
				LD_RUNPATH_SEARCH_PATHS = (
					"$(inherited)",
					"@executable_path/../Frameworks",
				);
				MARKETING_VERSION = 1.0;
				PRODUCT_BUNDLE_IDENTIFIER = Blowtorch.SpotyStoryTeller;
				PRODUCT_NAME = "$(TARGET_NAME)";
				REGISTER_APP_GROUPS = YES;
				SWIFT_EMIT_LOC_STRINGS = YES;
				SWIFT_VERSION = 5.0;
			};
			name = Debug;
		};
		31AFF1D32DAAFB6900E600D7 /* Release */ = {
			isa = XCBuildConfiguration;
			buildSettings = {
				ASSETCATALOG_COMPILER_APPICON_NAME = AppIcon;
				ASSETCATALOG_COMPILER_GLOBAL_ACCENT_COLOR_NAME = AccentColor;
				CODE_SIGN_ENTITLEMENTS = SpotyStoryTeller/SpotyStoryTeller.entitlements;
				CODE_SIGN_STYLE = Automatic;
				COMBINE_HIDPI_IMAGES = YES;
				CURRENT_PROJECT_VERSION = 1;
				ENABLE_PREVIEWS = YES;
				GENERATE_INFOPLIST_FILE = YES;
				INFOPLIST_FILE = SpotyStoryTeller/Info.plist;
				INFOPLIST_KEY_NSHumanReadableCopyright = "";
				LD_RUNPATH_SEARCH_PATHS = (
					"$(inherited)",
					"@executable_path/../Frameworks",
				);
				MARKETING_VERSION = 1.0;
				PRODUCT_BUNDLE_IDENTIFIER = Blowtorch.SpotyStoryTeller;
				PRODUCT_NAME = "$(TARGET_NAME)";
				REGISTER_APP_GROUPS = YES;
				SWIFT_EMIT_LOC_STRINGS = YES;
				SWIFT_VERSION = 5.0;
			};
			name = Release;
		};
		31AFF1D52DAAFB6900E600D7 /* Debug */ = {
			isa = XCBuildConfiguration;
			buildSettings = {
				BUNDLE_LOADER = "$(TEST_HOST)";
				CODE_SIGN_STYLE = Automatic;
				CURRENT_PROJECT_VERSION = 1;
				GENERATE_INFOPLIST_FILE = YES;
				MACOSX_DEPLOYMENT_TARGET = 15.4;
				MARKETING_VERSION = 1.0;
				PRODUCT_BUNDLE_IDENTIFIER = Blowtorch.SpotyStoryTellerTests;
				PRODUCT_NAME = "$(TARGET_NAME)";
				SWIFT_EMIT_LOC_STRINGS = NO;
				SWIFT_VERSION = 5.0;
				TEST_HOST = "$(BUILT_PRODUCTS_DIR)/SpotyStoryTeller.app/$(BUNDLE_EXECUTABLE_FOLDER_PATH)/SpotyStoryTeller";
			};
			name = Debug;
		};
		31AFF1D62DAAFB6900E600D7 /* Release */ = {
			isa = XCBuildConfiguration;
			buildSettings = {
				BUNDLE_LOADER = "$(TEST_HOST)";
				CODE_SIGN_STYLE = Automatic;
				CURRENT_PROJECT_VERSION = 1;
				GENERATE_INFOPLIST_FILE = YES;
				MACOSX_DEPLOYMENT_TARGET = 15.4;
				MARKETING_VERSION = 1.0;
				PRODUCT_BUNDLE_IDENTIFIER = Blowtorch.SpotyStoryTellerTests;
				PRODUCT_NAME = "$(TARGET_NAME)";
				SWIFT_EMIT_LOC_STRINGS = NO;
				SWIFT_VERSION = 5.0;
				TEST_HOST = "$(BUILT_PRODUCTS_DIR)/SpotyStoryTeller.app/$(BUNDLE_EXECUTABLE_FOLDER_PATH)/SpotyStoryTeller";
			};
			name = Release;
		};
		31AFF1D82DAAFB6900E600D7 /* Debug */ = {
			isa = XCBuildConfiguration;
			buildSettings = {
				CODE_SIGN_STYLE = Automatic;
				CURRENT_PROJECT_VERSION = 1;
				GENERATE_INFOPLIST_FILE = YES;
				MARKETING_VERSION = 1.0;
				PRODUCT_BUNDLE_IDENTIFIER = Blowtorch.SpotyStoryTellerUITests;
				PRODUCT_NAME = "$(TARGET_NAME)";
				SWIFT_EMIT_LOC_STRINGS = NO;
				SWIFT_VERSION = 5.0;
				TEST_TARGET_NAME = SpotyStoryTeller;
			};
			name = Debug;
		};
		31AFF1D92DAAFB6900E600D7 /* Release */ = {
			isa = XCBuildConfiguration;
			buildSettings = {
				CODE_SIGN_STYLE = Automatic;
				CURRENT_PROJECT_VERSION = 1;
				GENERATE_INFOPLIST_FILE = YES;
				MARKETING_VERSION = 1.0;
				PRODUCT_BUNDLE_IDENTIFIER = Blowtorch.SpotyStoryTellerUITests;
				PRODUCT_NAME = "$(TARGET_NAME)";
				SWIFT_EMIT_LOC_STRINGS = NO;
				SWIFT_VERSION = 5.0;
				TEST_TARGET_NAME = SpotyStoryTeller;
			};
			name = Release;
		};
/* End XCBuildConfiguration section */

/* Begin XCConfigurationList section */
		31AFF1AA2DAAFB6800E600D7 /* Build configuration list for PBXProject "SpotyStoryTeller" */ = {
			isa = XCConfigurationList;
			buildConfigurations = (
				31AFF1CF2DAAFB6900E600D7 /* Debug */,
				31AFF1D02DAAFB6900E600D7 /* Release */,
			);
			defaultConfigurationIsVisible = 0;
			defaultConfigurationName = Release;
		};
		31AFF1D12DAAFB6900E600D7 /* Build configuration list for PBXNativeTarget "SpotyStoryTeller" */ = {
			isa = XCConfigurationList;
			buildConfigurations = (
				31AFF1D22DAAFB6900E600D7 /* Debug */,
				31AFF1D32DAAFB6900E600D7 /* Release */,
			);
			defaultConfigurationIsVisible = 0;
			defaultConfigurationName = Release;
		};
		31AFF1D42DAAFB6900E600D7 /* Build configuration list for PBXNativeTarget "SpotyStoryTellerTests" */ = {
			isa = XCConfigurationList;
			buildConfigurations = (
				31AFF1D52DAAFB6900E600D7 /* Debug */,
				31AFF1D62DAAFB6900E600D7 /* Release */,
			);
			defaultConfigurationIsVisible = 0;
			defaultConfigurationName = Release;
		};
		31AFF1D72DAAFB6900E600D7 /* Build configuration list for PBXNativeTarget "SpotyStoryTellerUITests" */ = {
			isa = XCConfigurationList;
			buildConfigurations = (
				31AFF1D82DAAFB6900E600D7 /* Debug */,
				31AFF1D92DAAFB6900E600D7 /* Release */,
			);
			defaultConfigurationIsVisible = 0;
			defaultConfigurationName = Release;
		};
/* End XCConfigurationList section */

/* Begin XCRemoteSwiftPackageReference section */
		31AFF1DA2DAAFE8100E600D7 /* XCRemoteSwiftPackageReference "SpotifyAPI" */ = {
			isa = XCRemoteSwiftPackageReference;
			repositoryURL = "https://github.com/Peter-Schorn/SpotifyAPI.git";
			requirement = {
				kind = upToNextMajorVersion;
				minimumVersion = 4.0.1;
			};
		};
		31AFF1E42DAB05E400E600D7 /* XCRemoteSwiftPackageReference "swift-nio" */ = {
			isa = XCRemoteSwiftPackageReference;
			repositoryURL = "https://github.com/apple/swift-nio.git";
			requirement = {
				kind = upToNextMajorVersion;
				minimumVersion = 2.81.0;
			};
		};
		31AFF1E92DAB07D400E600D7 /* XCRemoteSwiftPackageReference "swifter" */ = {
			isa = XCRemoteSwiftPackageReference;
			repositoryURL = "https://github.com/httpswift/swifter.git";
			requirement = {
				kind = upToNextMajorVersion;
				minimumVersion = 1.5.0;
			};
		};
		31AFF1EC2DAB0BE500E600D7 /* XCRemoteSwiftPackageReference "OpenAI" */ = {
			isa = XCRemoteSwiftPackageReference;
			repositoryURL = "https://github.com/MacPaw/OpenAI.git";
			requirement = {
				kind = upToNextMajorVersion;
				minimumVersion = 0.3.9;
			};
		};
		31AFF1F82DAD102000E600D7 /* XCRemoteSwiftPackageReference "DotEnv" */ = {
			isa = XCRemoteSwiftPackageReference;
			repositoryURL = "https://github.com/swiftpackages/DotEnv.git";
			requirement = {
				branch = main;
				kind = branch;
			};
		};
		31DD08442DB7B2D50026B186 /* XCRemoteSwiftPackageReference "MarkdownUI" */ = {
			isa = XCRemoteSwiftPackageReference;
			repositoryURL = "https://github.com/gonzalezreal/MarkdownUI";
			requirement = {
				kind = upToNextMajorVersion;
				minimumVersion = 2.4.1;
			};
		};
		31DD08472DB7B8180026B186 /* XCRemoteSwiftPackageReference "SQLite" */ = {
			isa = XCRemoteSwiftPackageReference;
			repositoryURL = "https://github.com/stephencelis/SQLite.swift";
			requirement = {
				kind = upToNextMajorVersion;
				minimumVersion = 0.15.3;
			};
		};
/* End XCRemoteSwiftPackageReference section */

/* Begin XCSwiftPackageProductDependency section */
		31AFF1DB2DAAFE8100E600D7 /* SpotifyAPI */ = {
			isa = XCSwiftPackageProductDependency;
			package = 31AFF1DA2DAAFE8100E600D7 /* XCRemoteSwiftPackageReference "SpotifyAPI" */;
			productName = SpotifyAPI;
		};
		31AFF1E52DAB05E400E600D7 /* NIO */ = {
			isa = XCSwiftPackageProductDependency;
			package = 31AFF1E42DAB05E400E600D7 /* XCRemoteSwiftPackageReference "swift-nio" */;
			productName = NIO;
		};
		31AFF1E72DAB05E400E600D7 /* NIOHTTP1 */ = {
			isa = XCSwiftPackageProductDependency;
			package = 31AFF1E42DAB05E400E600D7 /* XCRemoteSwiftPackageReference "swift-nio" */;
			productName = NIOHTTP1;
		};
		31AFF1EA2DAB07D400E600D7 /* Swifter */ = {
			isa = XCSwiftPackageProductDependency;
			package = 31AFF1E92DAB07D400E600D7 /* XCRemoteSwiftPackageReference "swifter" */;
			productName = Swifter;
		};
		31AFF1ED2DAB0BE500E600D7 /* OpenAI */ = {
			isa = XCSwiftPackageProductDependency;
			package = 31AFF1EC2DAB0BE500E600D7 /* XCRemoteSwiftPackageReference "OpenAI" */;
			productName = OpenAI;
		};
		31AFF1FB2DAD139100E600D7 /* DotEnv */ = {
			isa = XCSwiftPackageProductDependency;
			package = 31AFF1F82DAD102000E600D7 /* XCRemoteSwiftPackageReference "DotEnv" */;
			productName = DotEnv;
		};
		31DD08452DB7B2D50026B186 /* MarkdownUI */ = {
			isa = XCSwiftPackageProductDependency;
			package = 31DD08442DB7B2D50026B186 /* XCRemoteSwiftPackageReference "MarkdownUI" */;
			productName = MarkdownUI;
		};
		31DD08482DB7B8180026B186 /* SQLite */ = {
			isa = XCSwiftPackageProductDependency;
			package = 31DD08472DB7B8180026B186 /* XCRemoteSwiftPackageReference "SQLite" */;
			productName = SQLite;
		};
/* End XCSwiftPackageProductDependency section */
	};
	rootObject = 31AFF1A72DAAFB6800E600D7 /* Project object */;
}
